
Microsoft Visual Studio Solution File, Format Version 12.00
# Visual Studio Version 17
VisualStudioVersion = 17.0.31903.59
MinimumVisualStudioVersion = 10.0.40219.1
Project("{9A19103F-16F7-4668-BE54-9A1E7A4F7556}") = "DataAccessLayer", "DataAccessLayer\DataAccessLayer.csproj", "{77E48847-80F7-4251-9564-AF807B002B93}"
EndProject
Project("{9A19103F-16F7-4668-BE54-9A1E7A4F7556}") = "BusinessLogicLayer", "BusinessLogicLayer\BusinessLogicLayer.csproj", "{89677C44-C8B2-4849-B4EC-D198C03EE2A8}"
EndProject
Project("{FAE04EC0-301F-11D3-BF4B-00C04F79EFBC}") = "UI", "UI\UI.csproj", "{499972A8-2BCA-469C-9474-DD22212805B1}"
EndProject
Global
	GlobalSection(SolutionConfigurationPlatforms) = preSolution
		Debug|Any CPU = Debug|Any CPU
		Release|Any CPU = Release|Any CPU
	EndGlobalSection
	GlobalSection(ProjectConfigurationPlatforms) = postSolution
		{77E48847-80F7-4251-9564-AF807B002B93}.Debug|Any CPU.ActiveCfg = Debug|Any CPU
		{77E48847-80F7-4251-9564-AF807B002B93}.Debug|Any CPU.Build.0 = Debug|Any CPU
		{77E48847-80F7-4251-9564-AF807B002B93}.Release|Any CPU.ActiveCfg = Release|Any CPU
		{77E48847-80F7-4251-9564-AF807B002B93}.Release|Any CPU.Build.0 = Release|Any CPU
		{89677C44-C8B2-4849-B4EC-D198C03EE2A8}.Debug|Any CPU.ActiveCfg = Debug|Any CPU
		{89677C44-C8B2-4849-B4EC-D198C03EE2A8}.Debug|Any CPU.Build.0 = Debug|Any CPU
		{89677C44-C8B2-4849-B4EC-D198C03EE2A8}.Release|Any CPU.ActiveCfg = Release|Any CPU
		{89677C44-C8B2-4849-B4EC-D198C03EE2A8}.Release|Any CPU.Build.0 = Release|Any CPU
		{499972A8-2BCA-469C-9474-DD22212805B1}.Debug|Any CPU.ActiveCfg = Debug|Any CPU
		{499972A8-2BCA-469C-9474-DD22212805B1}.Debug|Any CPU.Build.0 = Debug|Any CPU
		{499972A8-2BCA-469C-9474-DD22212805B1}.Release|Any CPU.ActiveCfg = Release|Any CPU
		{499972A8-2BCA-469C-9474-DD22212805B1}.Release|Any CPU.Build.0 = Release|Any CPU
	EndGlobalSection
	GlobalSection(SolutionProperties) = preSolution
		HideSolutionNode = FALSE
	EndGlobalSection
	GlobalSection(ExtensibilityGlobals) = postSolution
		SolutionGuid = {5C73EC3F-DCC7-49A0-85A0-D32FF61B74F2}
	EndGlobalSection
EndGlobal
